
Microsoft Visual Studio Solution File, Format Version 12.00
# Visual Studio 15
VisualStudioVersion = 15.0.28307.271
MinimumVisualStudioVersion = 10.0.40219.1
Project("{FAE04EC0-301F-11D3-BF4B-00C04F79EFBC}") = "TrackingEvents", "TrackingEvents\TrackingEvents.csproj", "{112A33AC-ED1F-4A65-B6B6-B7EB10990953}"
EndProject
Global
	GlobalSection(SolutionConfigurationPlatforms) = preSolution
		Debug|Any CPU = Debug|Any CPU
		Release|Any CPU = Release|Any CPU
	EndGlobalSection
	GlobalSection(ProjectConfigurationPlatforms) = postSolution
		{112A33AC-ED1F-4A65-B6B6-B7EB10990953}.Debug|Any CPU.ActiveCfg = Debug|Any CPU
		{112A33AC-ED1F-4A65-B6B6-B7EB10990953}.Debug|Any CPU.Build.0 = Debug|Any CPU
		{112A33AC-ED1F-4A65-B6B6-B7EB10990953}.Release|Any CPU.ActiveCfg = Release|Any CPU
		{112A33AC-ED1F-4A65-B6B6-B7EB10990953}.Release|Any CPU.Build.0 = Release|Any CPU
	EndGlobalSection
	GlobalSection(SolutionProperties) = preSolution
		HideSolutionNode = FALSE
	EndGlobalSection
	GlobalSection(ExtensibilityGlobals) = postSolution
		SolutionGuid = {E9A981A3-3861-42EE-802C-5AC6E933217A}
	EndGlobalSection
EndGlobal
